// !$*UTF8*$!
{
	archiveVersion = 1;
	classes = {
	};
	objectVersion = 46;
	objects = {

/* Begin PBXBuildFile section */
		607F559D1960DE3900926E1A /* Foundation.framework in Frameworks */ = {isa = PBXBuildFile; fileRef = 607F559C1960DE3900926E1A /* Foundation.framework */; };
		607F559F1960DE3900926E1A /* CoreGraphics.framework in Frameworks */ = {isa = PBXBuildFile; fileRef = 607F559E1960DE3900926E1A /* CoreGraphics.framework */; };
		607F55A11960DE3900926E1A /* UIKit.framework in Frameworks */ = {isa = PBXBuildFile; fileRef = 607F55A01960DE3900926E1A /* UIKit.framework */; };
		607F55A71960DE3A00926E1A /* InfoPlist.strings in Resources */ = {isa = PBXBuildFile; fileRef = 607F55A51960DE3A00926E1A /* InfoPlist.strings */; };
		607F55A91960DE3A00926E1A /* main.m in Sources */ = {isa = PBXBuildFile; fileRef = 607F55A81960DE3A00926E1A /* main.m */; };
		607F55AD1960DE3A00926E1A /* PZAppDelegate.m in Sources */ = {isa = PBXBuildFile; fileRef = 607F55AC1960DE3A00926E1A /* PZAppDelegate.m */; };
		607F55B01960DE3A00926E1A /* Main_iPhone.storyboard in Resources */ = {isa = PBXBuildFile; fileRef = 607F55AE1960DE3A00926E1A /* Main_iPhone.storyboard */; };
		607F55B31960DE3A00926E1A /* Main_iPad.storyboard in Resources */ = {isa = PBXBuildFile; fileRef = 607F55B11960DE3A00926E1A /* Main_iPad.storyboard */; };
		607F55B81960DE3A00926E1A /* Images.xcassets in Resources */ = {isa = PBXBuildFile; fileRef = 607F55B71960DE3A00926E1A /* Images.xcassets */; };
		607F55BF1960DE3A00926E1A /* XCTest.framework in Frameworks */ = {isa = PBXBuildFile; fileRef = 607F55BE1960DE3A00926E1A /* XCTest.framework */; };
		607F55C01960DE3A00926E1A /* Foundation.framework in Frameworks */ = {isa = PBXBuildFile; fileRef = 607F559C1960DE3900926E1A /* Foundation.framework */; };
		607F55C11960DE3A00926E1A /* UIKit.framework in Frameworks */ = {isa = PBXBuildFile; fileRef = 607F55A01960DE3900926E1A /* UIKit.framework */; };
		607F55C91960DE3A00926E1A /* InfoPlist.strings in Resources */ = {isa = PBXBuildFile; fileRef = 607F55C71960DE3A00926E1A /* InfoPlist.strings */; };
		607F55CB1960DE3A00926E1A /* PizzaTheAppTests.m in Sources */ = {isa = PBXBuildFile; fileRef = 607F55CA1960DE3A00926E1A /* PizzaTheAppTests.m */; };
		60A6A9341960DFA7009D99AA /* MainViewController.m in Sources */ = {isa = PBXBuildFile; fileRef = 60A6A9331960DFA7009D99AA /* MainViewController.m */; };
		60A6A9371960DFEC009D99AA /* PaymentViewController.m in Sources */ = {isa = PBXBuildFile; fileRef = 60A6A9361960DFEC009D99AA /* PaymentViewController.m */; };
		60A6A93A1960E005009D99AA /* PizzaViewController.m in Sources */ = {isa = PBXBuildFile; fileRef = 60A6A9391960E005009D99AA /* PizzaViewController.m */; };
		60A6A93E1960E019009D99AA /* MBProgressHUD.m in Sources */ = {isa = PBXBuildFile; fileRef = 60A6A93D1960E019009D99AA /* MBProgressHUD.m */; };
		60A6A94B1960E03A009D99AA /* SPGooglePlacesAutocompleteDemoViewController.m in Sources */ = {isa = PBXBuildFile; fileRef = 60A6A9411960E03A009D99AA /* SPGooglePlacesAutocompleteDemoViewController.m */; };
		60A6A94C1960E03A009D99AA /* SPGooglePlacesAutocompleteDemoViewController.xib in Resources */ = {isa = PBXBuildFile; fileRef = 60A6A9421960E03A009D99AA /* SPGooglePlacesAutocompleteDemoViewController.xib */; };
		60A6A94D1960E03A009D99AA /* SPGooglePlacesAutocompletePlace.m in Sources */ = {isa = PBXBuildFile; fileRef = 60A6A9441960E03A009D99AA /* SPGooglePlacesAutocompletePlace.m */; };
		60A6A94E1960E03A009D99AA /* SPGooglePlacesAutocompleteQuery.m in Sources */ = {isa = PBXBuildFile; fileRef = 60A6A9461960E03A009D99AA /* SPGooglePlacesAutocompleteQuery.m */; };
		60A6A94F1960E03A009D99AA /* SPGooglePlacesAutocompleteUtilities.m in Sources */ = {isa = PBXBuildFile; fileRef = 60A6A9481960E03A009D99AA /* SPGooglePlacesAutocompleteUtilities.m */; };
		60A6A9501960E03A009D99AA /* SPGooglePlacesPlaceDetailQuery.m in Sources */ = {isa = PBXBuildFile; fileRef = 60A6A94A1960E03A009D99AA /* SPGooglePlacesPlaceDetailQuery.m */; };
		60A6A96D1960E077009D99AA /* UIViewController+MJPopupViewController.m in Sources */ = {isa = PBXBuildFile; fileRef = 60A6A9641960E077009D99AA /* UIViewController+MJPopupViewController.m */; };
		60A6A9731960E087009D99AA /* MJDetailViewController.m in Sources */ = {isa = PBXBuildFile; fileRef = 60A6A96F1960E087009D99AA /* MJDetailViewController.m */; };
		60A6A9741960E087009D99AA /* MJDetailViewController.xib in Resources */ = {isa = PBXBuildFile; fileRef = 60A6A9701960E087009D99AA /* MJDetailViewController.xib */; };
		60A6A9751960E087009D99AA /* MJPopupBackgroundView.m in Sources */ = {isa = PBXBuildFile; fileRef = 60A6A9721960E087009D99AA /* MJPopupBackgroundView.m */; };
		60A6A97F1960E2FF009D99AA /* cancelButton.jpg in Resources */ = {isa = PBXBuildFile; fileRef = 60A6A97C1960E2FF009D99AA /* cancelButton.jpg */; };
		60A6A9801960E2FF009D99AA /* checkComplete.jpg in Resources */ = {isa = PBXBuildFile; fileRef = 60A6A97D1960E2FF009D99AA /* checkComplete.jpg */; };
		60A6A9811960E2FF009D99AA /* chevron - forward@2x.png in Resources */ = {isa = PBXBuildFile; fileRef = 60A6A97E1960E2FF009D99AA /* chevron - forward@2x.png */; };
		60A6A9891960E308009D99AA /* LaunchImage-568h@2x.png in Resources */ = {isa = PBXBuildFile; fileRef = 60A6A9821960E308009D99AA /* LaunchImage-568h@2x.png */; };
		60A6A98A1960E308009D99AA /* LaunchImage.png in Resources */ = {isa = PBXBuildFile; fileRef = 60A6A9831960E308009D99AA /* LaunchImage.png */; };
		60A6A98B1960E308009D99AA /* LaunchImage@2x.png in Resources */ = {isa = PBXBuildFile; fileRef = 60A6A9841960E308009D99AA /* LaunchImage@2x.png */; };
		60A6A98C1960E308009D99AA /* locateButton.png in Resources */ = {isa = PBXBuildFile; fileRef = 60A6A9851960E308009D99AA /* locateButton.png */; };
		60A6A98D1960E308009D99AA /* locateButton@2x.png in Resources */ = {isa = PBXBuildFile; fileRef = 60A6A9861960E308009D99AA /* locateButton@2x.png */; };
		60A6A98E1960E308009D99AA /* location.png in Resources */ = {isa = PBXBuildFile; fileRef = 60A6A9871960E308009D99AA /* location.png */; };
		60A6A98F1960E308009D99AA /* location@2x.png in Resources */ = {isa = PBXBuildFile; fileRef = 60A6A9881960E308009D99AA /* location@2x.png */; };
		60A6A9961960E314009D99AA /* mushrooms.png in Resources */ = {isa = PBXBuildFile; fileRef = 60A6A9901960E314009D99AA /* mushrooms.png */; };
		60A6A9971960E314009D99AA /* mushroomsnew.png in Resources */ = {isa = PBXBuildFile; fileRef = 60A6A9911960E314009D99AA /* mushroomsnew.png */; };
		60A6A9981960E314009D99AA /* navbar.png in Resources */ = {isa = PBXBuildFile; fileRef = 60A6A9921960E314009D99AA /* navbar.png */; };
		60A6A9991960E314009D99AA /* navbar@2x.png in Resources */ = {isa = PBXBuildFile; fileRef = 60A6A9931960E314009D99AA /* navbar@2x.png */; };
		60A6A99A1960E314009D99AA /* olives.png in Resources */ = {isa = PBXBuildFile; fileRef = 60A6A9941960E314009D99AA /* olives.png */; };
		60A6A99B1960E314009D99AA /* olivesnew.png in Resources */ = {isa = PBXBuildFile; fileRef = 60A6A9951960E314009D99AA /* olivesnew.png */; };
		60A6A9A11960E31F009D99AA /* pepperoni.png in Resources */ = {isa = PBXBuildFile; fileRef = 60A6A99C1960E31F009D99AA /* pepperoni.png */; };
		60A6A9A21960E31F009D99AA /* pepperoninew.png in Resources */ = {isa = PBXBuildFile; fileRef = 60A6A99D1960E31F009D99AA /* pepperoninew.png */; };
		60A6A9A31960E31F009D99AA /* peppers.png in Resources */ = {isa = PBXBuildFile; fileRef = 60A6A99E1960E31F009D99AA /* peppers.png */; };
		60A6A9A41960E31F009D99AA /* peppersnew.png in Resources */ = {isa = PBXBuildFile; fileRef = 60A6A99F1960E31F009D99AA /* peppersnew.png */; };
		60A6A9A51960E31F009D99AA /* pizza.png in Resources */ = {isa = PBXBuildFile; fileRef = 60A6A9A01960E31F009D99AA /* pizza.png */; };
		60A6A9A81960E328009D99AA /* sausage.png in Resources */ = {isa = PBXBuildFile; fileRef = 60A6A9A61960E328009D99AA /* sausage.png */; };
		60A6A9A91960E328009D99AA /* sausagenew.png in Resources */ = {isa = PBXBuildFile; fileRef = 60A6A9A71960E328009D99AA /* sausagenew.png */; };
		60A6A9C8196224DE009D99AA /* 58x58.png in Resources */ = {isa = PBXBuildFile; fileRef = 60A6A9B9196224DE009D99AA /* 58x58.png */; };
		60A6A9C9196224DE009D99AA /* 80x80.png in Resources */ = {isa = PBXBuildFile; fileRef = 60A6A9BA196224DE009D99AA /* 80x80.png */; };
		60A6A9CA196224DE009D99AA /* 120x120.png in Resources */ = {isa = PBXBuildFile; fileRef = 60A6A9BB196224DE009D99AA /* 120x120.png */; };
		60A6A9CB196224DE009D99AA /* emptyPlate.png in Resources */ = {isa = PBXBuildFile; fileRef = 60A6A9BC196224DE009D99AA /* emptyPlate.png */; };
		60A6A9CC196224DE009D99AA /* emptyPlate@2X.png in Resources */ = {isa = PBXBuildFile; fileRef = 60A6A9BD196224DE009D99AA /* emptyPlate@2X.png */; };
		60A6A9CD196224DE009D99AA /* header-logo.png in Resources */ = {isa = PBXBuildFile; fileRef = 60A6A9BE196224DE009D99AA /* header-logo.png */; };
		60A6A9CE196224DE009D99AA /* header-logo@2x.png in Resources */ = {isa = PBXBuildFile; fileRef = 60A6A9BF196224DE009D99AA /* header-logo@2x.png */; };
		60A6A9CF196224DE009D99AA /* Load Screen - 640x960.png in Resources */ = {isa = PBXBuildFile; fileRef = 60A6A9C0196224DE009D99AA /* Load Screen - 640x960.png */; };
		60A6A9D0196224DE009D99AA /* Load Screen - 640x1136.png in Resources */ = {isa = PBXBuildFile; fileRef = 60A6A9C1196224DE009D99AA /* Load Screen - 640x1136.png */; };
		60A6A9D1196224DE009D99AA /* map-pin.png in Resources */ = {isa = PBXBuildFile; fileRef = 60A6A9C2196224DE009D99AA /* map-pin.png */; };
		60A6A9D2196224DE009D99AA /* map-pinPizza.png in Resources */ = {isa = PBXBuildFile; fileRef = 60A6A9C3196224DE009D99AA /* map-pinPizza.png */; };
		60A6A9D3196224DE009D99AA /* pizzaCutter.png in Resources */ = {isa = PBXBuildFile; fileRef = 60A6A9C4196224DE009D99AA /* pizzaCutter.png */; };
		60A6A9D4196224DE009D99AA /* pizzaCutter@2X.png in Resources */ = {isa = PBXBuildFile; fileRef = 60A6A9C5196224DE009D99AA /* pizzaCutter@2X.png */; };
		60A6A9D5196224DE009D99AA /* plateFull.png in Resources */ = {isa = PBXBuildFile; fileRef = 60A6A9C6196224DE009D99AA /* plateFull.png */; };
		60A6A9D6196224DE009D99AA /* plateFull@2X.png in Resources */ = {isa = PBXBuildFile; fileRef = 60A6A9C7196224DE009D99AA /* plateFull@2X.png */; };
		60A6A9D719622695009D99AA /* Verlag Black Italic.otf in Resources */ = {isa = PBXBuildFile; fileRef = 60A6A9AA1960E332009D99AA /* Verlag Black Italic.otf */; };
		60A6A9D819622695009D99AA /* Verlag Black.otf in Resources */ = {isa = PBXBuildFile; fileRef = 60A6A9AB1960E332009D99AA /* Verlag Black.otf */; };
		60A6A9D919622695009D99AA /* Verlag Bold Italic.otf in Resources */ = {isa = PBXBuildFile; fileRef = 60A6A9AC1960E332009D99AA /* Verlag Bold Italic.otf */; };
		60A6A9DA19622695009D99AA /* Verlag Bold.otf in Resources */ = {isa = PBXBuildFile; fileRef = 60A6A9AD1960E332009D99AA /* Verlag Bold.otf */; };
		60A6A9DB19622695009D99AA /* Verlag Book Italic.otf in Resources */ = {isa = PBXBuildFile; fileRef = 60A6A9AE1960E332009D99AA /* Verlag Book Italic.otf */; };
		60A6A9DC19622695009D99AA /* Verlag Book.otf in Resources */ = {isa = PBXBuildFile; fileRef = 60A6A9AF1960E332009D99AA /* Verlag Book.otf */; };
		60A6A9DD19622695009D99AA /* Verlag Light Italic.otf in Resources */ = {isa = PBXBuildFile; fileRef = 60A6A9B01960E332009D99AA /* Verlag Light Italic.otf */; };
		60A6A9DE19622695009D99AA /* Verlag Light.otf in Resources */ = {isa = PBXBuildFile; fileRef = 60A6A9B11960E332009D99AA /* Verlag Light.otf */; };
		60A6A9DF19622695009D99AA /* Verlag XLight Italic.otf in Resources */ = {isa = PBXBuildFile; fileRef = 60A6A9B21960E332009D99AA /* Verlag XLight Italic.otf */; };
		60A6A9E019622695009D99AA /* Verlag XLight.otf in Resources */ = {isa = PBXBuildFile; fileRef = 60A6A9B31960E332009D99AA /* Verlag XLight.otf */; };
		60A6A9E119622695009D99AA /* Verlag-Book.otf in Resources */ = {isa = PBXBuildFile; fileRef = 60A6A9B41960E332009D99AA /* Verlag-Book.otf */; };
		8F7398F8477B40E1A796B950 /* libPods.a in Frameworks */ = {isa = PBXBuildFile; fileRef = 0A764387439F404E94B2916A /* libPods.a */; };
/* End PBXBuildFile section */

/* Begin PBXContainerItemProxy section */
		607F55C21960DE3A00926E1A /* PBXContainerItemProxy */ = {
			isa = PBXContainerItemProxy;
			containerPortal = 607F55911960DE3900926E1A /* Project object */;
			proxyType = 1;
			remoteGlobalIDString = 607F55981960DE3900926E1A;
			remoteInfo = PizzaTheApp;
		};
/* End PBXContainerItemProxy section */

/* Begin PBXFileReference section */
		0A764387439F404E94B2916A /* libPods.a */ = {isa = PBXFileReference; explicitFileType = archive.ar; includeInIndex = 0; path = libPods.a; sourceTree = BUILT_PRODUCTS_DIR; };
		311EEDC2AD954DD08A160DEA /* Pods.xcconfig */ = {isa = PBXFileReference; includeInIndex = 1; lastKnownFileType = text.xcconfig; name = Pods.xcconfig; path = Pods/Pods.xcconfig; sourceTree = "<group>"; };
		607F55991960DE3900926E1A /* PizzaTheApp.app */ = {isa = PBXFileReference; explicitFileType = wrapper.application; includeInIndex = 0; path = PizzaTheApp.app; sourceTree = BUILT_PRODUCTS_DIR; };
		607F559C1960DE3900926E1A /* Foundation.framework */ = {isa = PBXFileReference; lastKnownFileType = wrapper.framework; name = Foundation.framework; path = System/Library/Frameworks/Foundation.framework; sourceTree = SDKROOT; };
		607F559E1960DE3900926E1A /* CoreGraphics.framework */ = {isa = PBXFileReference; lastKnownFileType = wrapper.framework; name = CoreGraphics.framework; path = System/Library/Frameworks/CoreGraphics.framework; sourceTree = SDKROOT; };
		607F55A01960DE3900926E1A /* UIKit.framework */ = {isa = PBXFileReference; lastKnownFileType = wrapper.framework; name = UIKit.framework; path = System/Library/Frameworks/UIKit.framework; sourceTree = SDKROOT; };
		607F55A41960DE3A00926E1A /* PizzaTheApp-Info.plist */ = {isa = PBXFileReference; lastKnownFileType = text.plist.xml; path = "PizzaTheApp-Info.plist"; sourceTree = "<group>"; };
		607F55A61960DE3A00926E1A /* en */ = {isa = PBXFileReference; lastKnownFileType = text.plist.strings; name = en; path = en.lproj/InfoPlist.strings; sourceTree = "<group>"; };
		607F55A81960DE3A00926E1A /* main.m */ = {isa = PBXFileReference; lastKnownFileType = sourcecode.c.objc; path = main.m; sourceTree = "<group>"; };
		607F55AA1960DE3A00926E1A /* PizzaTheApp-Prefix.pch */ = {isa = PBXFileReference; lastKnownFileType = sourcecode.c.h; path = "PizzaTheApp-Prefix.pch"; sourceTree = "<group>"; };
		607F55AB1960DE3A00926E1A /* PZAppDelegate.h */ = {isa = PBXFileReference; lastKnownFileType = sourcecode.c.h; path = PZAppDelegate.h; sourceTree = "<group>"; };
		607F55AC1960DE3A00926E1A /* PZAppDelegate.m */ = {isa = PBXFileReference; lastKnownFileType = sourcecode.c.objc; path = PZAppDelegate.m; sourceTree = "<group>"; };
		607F55AF1960DE3A00926E1A /* Base */ = {isa = PBXFileReference; lastKnownFileType = file.storyboard; name = Base; path = Base.lproj/Main_iPhone.storyboard; sourceTree = "<group>"; };
		607F55B21960DE3A00926E1A /* Base */ = {isa = PBXFileReference; lastKnownFileType = file.storyboard; name = Base; path = Base.lproj/Main_iPad.storyboard; sourceTree = "<group>"; };
		607F55B71960DE3A00926E1A /* Images.xcassets */ = {isa = PBXFileReference; lastKnownFileType = folder.assetcatalog; path = Images.xcassets; sourceTree = "<group>"; };
		607F55BD1960DE3A00926E1A /* PizzaTheAppTests.xctest */ = {isa = PBXFileReference; explicitFileType = wrapper.cfbundle; includeInIndex = 0; path = PizzaTheAppTests.xctest; sourceTree = BUILT_PRODUCTS_DIR; };
		607F55BE1960DE3A00926E1A /* XCTest.framework */ = {isa = PBXFileReference; lastKnownFileType = wrapper.framework; name = XCTest.framework; path = Library/Frameworks/XCTest.framework; sourceTree = DEVELOPER_DIR; };
		607F55C61960DE3A00926E1A /* PizzaTheAppTests-Info.plist */ = {isa = PBXFileReference; lastKnownFileType = text.plist.xml; path = "PizzaTheAppTests-Info.plist"; sourceTree = "<group>"; };
		607F55C81960DE3A00926E1A /* en */ = {isa = PBXFileReference; lastKnownFileType = text.plist.strings; name = en; path = en.lproj/InfoPlist.strings; sourceTree = "<group>"; };
		607F55CA1960DE3A00926E1A /* PizzaTheAppTests.m */ = {isa = PBXFileReference; lastKnownFileType = sourcecode.c.objc; path = PizzaTheAppTests.m; sourceTree = "<group>"; };
		60A6A9321960DFA7009D99AA /* MainViewController.h */ = {isa = PBXFileReference; fileEncoding = 4; lastKnownFileType = sourcecode.c.h; path = MainViewController.h; sourceTree = "<group>"; };
		60A6A9331960DFA7009D99AA /* MainViewController.m */ = {isa = PBXFileReference; fileEncoding = 4; lastKnownFileType = sourcecode.c.objc; path = MainViewController.m; sourceTree = "<group>"; };
		60A6A9351960DFEC009D99AA /* PaymentViewController.h */ = {isa = PBXFileReference; fileEncoding = 4; lastKnownFileType = sourcecode.c.h; path = PaymentViewController.h; sourceTree = "<group>"; };
		60A6A9361960DFEC009D99AA /* PaymentViewController.m */ = {isa = PBXFileReference; fileEncoding = 4; lastKnownFileType = sourcecode.c.objc; path = PaymentViewController.m; sourceTree = "<group>"; };
		60A6A9381960E005009D99AA /* PizzaViewController.h */ = {isa = PBXFileReference; fileEncoding = 4; lastKnownFileType = sourcecode.c.h; path = PizzaViewController.h; sourceTree = "<group>"; };
		60A6A9391960E005009D99AA /* PizzaViewController.m */ = {isa = PBXFileReference; fileEncoding = 4; lastKnownFileType = sourcecode.c.objc; path = PizzaViewController.m; sourceTree = "<group>"; };
		60A6A93C1960E019009D99AA /* MBProgressHUD.h */ = {isa = PBXFileReference; fileEncoding = 4; lastKnownFileType = sourcecode.c.h; path = MBProgressHUD.h; sourceTree = "<group>"; };
		60A6A93D1960E019009D99AA /* MBProgressHUD.m */ = {isa = PBXFileReference; fileEncoding = 4; lastKnownFileType = sourcecode.c.objc; path = MBProgressHUD.m; sourceTree = "<group>"; };
		60A6A93F1960E03A009D99AA /* SPGooglePlacesAutocomplete.h */ = {isa = PBXFileReference; fileEncoding = 4; lastKnownFileType = sourcecode.c.h; path = SPGooglePlacesAutocomplete.h; sourceTree = "<group>"; };
		60A6A9401960E03A009D99AA /* SPGooglePlacesAutocompleteDemoViewController.h */ = {isa = PBXFileReference; fileEncoding = 4; lastKnownFileType = sourcecode.c.h; path = SPGooglePlacesAutocompleteDemoViewController.h; sourceTree = "<group>"; };
		60A6A9411960E03A009D99AA /* SPGooglePlacesAutocompleteDemoViewController.m */ = {isa = PBXFileReference; fileEncoding = 4; lastKnownFileType = sourcecode.c.objc; path = SPGooglePlacesAutocompleteDemoViewController.m; sourceTree = "<group>"; };
		60A6A9421960E03A009D99AA /* SPGooglePlacesAutocompleteDemoViewController.xib */ = {isa = PBXFileReference; fileEncoding = 4; lastKnownFileType = file.xib; path = SPGooglePlacesAutocompleteDemoViewController.xib; sourceTree = "<group>"; };
		60A6A9431960E03A009D99AA /* SPGooglePlacesAutocompletePlace.h */ = {isa = PBXFileReference; fileEncoding = 4; lastKnownFileType = sourcecode.c.h; path = SPGooglePlacesAutocompletePlace.h; sourceTree = "<group>"; };
		60A6A9441960E03A009D99AA /* SPGooglePlacesAutocompletePlace.m */ = {isa = PBXFileReference; fileEncoding = 4; lastKnownFileType = sourcecode.c.objc; path = SPGooglePlacesAutocompletePlace.m; sourceTree = "<group>"; };
		60A6A9451960E03A009D99AA /* SPGooglePlacesAutocompleteQuery.h */ = {isa = PBXFileReference; fileEncoding = 4; lastKnownFileType = sourcecode.c.h; path = SPGooglePlacesAutocompleteQuery.h; sourceTree = "<group>"; };
		60A6A9461960E03A009D99AA /* SPGooglePlacesAutocompleteQuery.m */ = {isa = PBXFileReference; fileEncoding = 4; lastKnownFileType = sourcecode.c.objc; path = SPGooglePlacesAutocompleteQuery.m; sourceTree = "<group>"; };
		60A6A9471960E03A009D99AA /* SPGooglePlacesAutocompleteUtilities.h */ = {isa = PBXFileReference; fileEncoding = 4; lastKnownFileType = sourcecode.c.h; path = SPGooglePlacesAutocompleteUtilities.h; sourceTree = "<group>"; };
		60A6A9481960E03A009D99AA /* SPGooglePlacesAutocompleteUtilities.m */ = {isa = PBXFileReference; fileEncoding = 4; lastKnownFileType = sourcecode.c.objc; path = SPGooglePlacesAutocompleteUtilities.m; sourceTree = "<group>"; };
		60A6A9491960E03A009D99AA /* SPGooglePlacesPlaceDetailQuery.h */ = {isa = PBXFileReference; fileEncoding = 4; lastKnownFileType = sourcecode.c.h; path = SPGooglePlacesPlaceDetailQuery.h; sourceTree = "<group>"; };
		60A6A94A1960E03A009D99AA /* SPGooglePlacesPlaceDetailQuery.m */ = {isa = PBXFileReference; fileEncoding = 4; lastKnownFileType = sourcecode.c.objc; path = SPGooglePlacesPlaceDetailQuery.m; sourceTree = "<group>"; };
		60A6A9631960E077009D99AA /* UIViewController+MJPopupViewController.h */ = {isa = PBXFileReference; fileEncoding = 4; lastKnownFileType = sourcecode.c.h; path = "UIViewController+MJPopupViewController.h"; sourceTree = "<group>"; };
		60A6A9641960E077009D99AA /* UIViewController+MJPopupViewController.m */ = {isa = PBXFileReference; fileEncoding = 4; lastKnownFileType = sourcecode.c.objc; path = "UIViewController+MJPopupViewController.m"; sourceTree = "<group>"; };
		60A6A96E1960E087009D99AA /* MJDetailViewController.h */ = {isa = PBXFileReference; fileEncoding = 4; lastKnownFileType = sourcecode.c.h; path = MJDetailViewController.h; sourceTree = "<group>"; };
		60A6A96F1960E087009D99AA /* MJDetailViewController.m */ = {isa = PBXFileReference; fileEncoding = 4; lastKnownFileType = sourcecode.c.objc; path = MJDetailViewController.m; sourceTree = "<group>"; };
		60A6A9701960E087009D99AA /* MJDetailViewController.xib */ = {isa = PBXFileReference; fileEncoding = 4; lastKnownFileType = file.xib; path = MJDetailViewController.xib; sourceTree = "<group>"; };
		60A6A9711960E087009D99AA /* MJPopupBackgroundView.h */ = {isa = PBXFileReference; fileEncoding = 4; lastKnownFileType = sourcecode.c.h; path = MJPopupBackgroundView.h; sourceTree = "<group>"; };
		60A6A9721960E087009D99AA /* MJPopupBackgroundView.m */ = {isa = PBXFileReference; fileEncoding = 4; lastKnownFileType = sourcecode.c.objc; path = MJPopupBackgroundView.m; sourceTree = "<group>"; };
		60A6A97C1960E2FF009D99AA /* cancelButton.jpg */ = {isa = PBXFileReference; lastKnownFileType = image.jpeg; path = cancelButton.jpg; sourceTree = "<group>"; };
		60A6A97D1960E2FF009D99AA /* checkComplete.jpg */ = {isa = PBXFileReference; lastKnownFileType = image.jpeg; path = checkComplete.jpg; sourceTree = "<group>"; };
		60A6A97E1960E2FF009D99AA /* chevron - forward@2x.png */ = {isa = PBXFileReference; lastKnownFileType = image.png; path = "chevron - forward@2x.png"; sourceTree = "<group>"; };
		60A6A9821960E308009D99AA /* LaunchImage-568h@2x.png */ = {isa = PBXFileReference; lastKnownFileType = image.png; path = "LaunchImage-568h@2x.png"; sourceTree = "<group>"; };
		60A6A9831960E308009D99AA /* LaunchImage.png */ = {isa = PBXFileReference; lastKnownFileType = image.png; path = LaunchImage.png; sourceTree = "<group>"; };
		60A6A9841960E308009D99AA /* LaunchImage@2x.png */ = {isa = PBXFileReference; lastKnownFileType = image.png; path = "LaunchImage@2x.png"; sourceTree = "<group>"; };
		60A6A9851960E308009D99AA /* locateButton.png */ = {isa = PBXFileReference; lastKnownFileType = image.png; path = locateButton.png; sourceTree = "<group>"; };
		60A6A9861960E308009D99AA /* locateButton@2x.png */ = {isa = PBXFileReference; lastKnownFileType = image.png; path = "locateButton@2x.png"; sourceTree = "<group>"; };
		60A6A9871960E308009D99AA /* location.png */ = {isa = PBXFileReference; lastKnownFileType = image.png; path = location.png; sourceTree = "<group>"; };
		60A6A9881960E308009D99AA /* location@2x.png */ = {isa = PBXFileReference; lastKnownFileType = image.png; path = "location@2x.png"; sourceTree = "<group>"; };
		60A6A9901960E314009D99AA /* mushrooms.png */ = {isa = PBXFileReference; lastKnownFileType = image.png; path = mushrooms.png; sourceTree = "<group>"; };
		60A6A9911960E314009D99AA /* mushroomsnew.png */ = {isa = PBXFileReference; lastKnownFileType = image.png; path = mushroomsnew.png; sourceTree = "<group>"; };
		60A6A9921960E314009D99AA /* navbar.png */ = {isa = PBXFileReference; lastKnownFileType = image.png; path = navbar.png; sourceTree = "<group>"; };
		60A6A9931960E314009D99AA /* navbar@2x.png */ = {isa = PBXFileReference; lastKnownFileType = image.png; path = "navbar@2x.png"; sourceTree = "<group>"; };
		60A6A9941960E314009D99AA /* olives.png */ = {isa = PBXFileReference; lastKnownFileType = image.png; path = olives.png; sourceTree = "<group>"; };
		60A6A9951960E314009D99AA /* olivesnew.png */ = {isa = PBXFileReference; lastKnownFileType = image.png; path = olivesnew.png; sourceTree = "<group>"; };
		60A6A99C1960E31F009D99AA /* pepperoni.png */ = {isa = PBXFileReference; lastKnownFileType = image.png; path = pepperoni.png; sourceTree = "<group>"; };
		60A6A99D1960E31F009D99AA /* pepperoninew.png */ = {isa = PBXFileReference; lastKnownFileType = image.png; path = pepperoninew.png; sourceTree = "<group>"; };
		60A6A99E1960E31F009D99AA /* peppers.png */ = {isa = PBXFileReference; lastKnownFileType = image.png; path = peppers.png; sourceTree = "<group>"; };
		60A6A99F1960E31F009D99AA /* peppersnew.png */ = {isa = PBXFileReference; lastKnownFileType = image.png; path = peppersnew.png; sourceTree = "<group>"; };
		60A6A9A01960E31F009D99AA /* pizza.png */ = {isa = PBXFileReference; lastKnownFileType = image.png; path = pizza.png; sourceTree = "<group>"; };
		60A6A9A61960E328009D99AA /* sausage.png */ = {isa = PBXFileReference; lastKnownFileType = image.png; path = sausage.png; sourceTree = "<group>"; };
		60A6A9A71960E328009D99AA /* sausagenew.png */ = {isa = PBXFileReference; lastKnownFileType = image.png; path = sausagenew.png; sourceTree = "<group>"; };
		60A6A9AA1960E332009D99AA /* Verlag Black Italic.otf */ = {isa = PBXFileReference; lastKnownFileType = file; path = "Verlag Black Italic.otf"; sourceTree = "<group>"; };
		60A6A9AB1960E332009D99AA /* Verlag Black.otf */ = {isa = PBXFileReference; lastKnownFileType = file; path = "Verlag Black.otf"; sourceTree = "<group>"; };
		60A6A9AC1960E332009D99AA /* Verlag Bold Italic.otf */ = {isa = PBXFileReference; lastKnownFileType = file; path = "Verlag Bold Italic.otf"; sourceTree = "<group>"; };
		60A6A9AD1960E332009D99AA /* Verlag Bold.otf */ = {isa = PBXFileReference; lastKnownFileType = file; path = "Verlag Bold.otf"; sourceTree = "<group>"; };
		60A6A9AE1960E332009D99AA /* Verlag Book Italic.otf */ = {isa = PBXFileReference; lastKnownFileType = file; path = "Verlag Book Italic.otf"; sourceTree = "<group>"; };
		60A6A9AF1960E332009D99AA /* Verlag Book.otf */ = {isa = PBXFileReference; lastKnownFileType = file; path = "Verlag Book.otf"; sourceTree = "<group>"; };
		60A6A9B01960E332009D99AA /* Verlag Light Italic.otf */ = {isa = PBXFileReference; lastKnownFileType = file; path = "Verlag Light Italic.otf"; sourceTree = "<group>"; };
		60A6A9B11960E332009D99AA /* Verlag Light.otf */ = {isa = PBXFileReference; lastKnownFileType = file; path = "Verlag Light.otf"; sourceTree = "<group>"; };
		60A6A9B21960E332009D99AA /* Verlag XLight Italic.otf */ = {isa = PBXFileReference; lastKnownFileType = file; path = "Verlag XLight Italic.otf"; sourceTree = "<group>"; };
		60A6A9B31960E332009D99AA /* Verlag XLight.otf */ = {isa = PBXFileReference; lastKnownFileType = file; path = "Verlag XLight.otf"; sourceTree = "<group>"; };
		60A6A9B41960E332009D99AA /* Verlag-Book.otf */ = {isa = PBXFileReference; lastKnownFileType = file; path = "Verlag-Book.otf"; sourceTree = "<group>"; };
		60A6A9B9196224DE009D99AA /* 58x58.png */ = {isa = PBXFileReference; lastKnownFileType = image.png; path = 58x58.png; sourceTree = "<group>"; };
		60A6A9BA196224DE009D99AA /* 80x80.png */ = {isa = PBXFileReference; lastKnownFileType = image.png; path = 80x80.png; sourceTree = "<group>"; };
		60A6A9BB196224DE009D99AA /* 120x120.png */ = {isa = PBXFileReference; lastKnownFileType = image.png; path = 120x120.png; sourceTree = "<group>"; };
		60A6A9BC196224DE009D99AA /* emptyPlate.png */ = {isa = PBXFileReference; lastKnownFileType = image.png; path = emptyPlate.png; sourceTree = "<group>"; };
		60A6A9BD196224DE009D99AA /* emptyPlate@2X.png */ = {isa = PBXFileReference; lastKnownFileType = image.png; path = "emptyPlate@2X.png"; sourceTree = "<group>"; };
		60A6A9BE196224DE009D99AA /* header-logo.png */ = {isa = PBXFileReference; lastKnownFileType = image.png; path = "header-logo.png"; sourceTree = "<group>"; };
		60A6A9BF196224DE009D99AA /* header-logo@2x.png */ = {isa = PBXFileReference; lastKnownFileType = image.png; path = "header-logo@2x.png"; sourceTree = "<group>"; };
		60A6A9C0196224DE009D99AA /* Load Screen - 640x960.png */ = {isa = PBXFileReference; lastKnownFileType = image.png; path = "Load Screen - 640x960.png"; sourceTree = "<group>"; };
		60A6A9C1196224DE009D99AA /* Load Screen - 640x1136.png */ = {isa = PBXFileReference; lastKnownFileType = image.png; path = "Load Screen - 640x1136.png"; sourceTree = "<group>"; };
		60A6A9C2196224DE009D99AA /* map-pin.png */ = {isa = PBXFileReference; lastKnownFileType = image.png; path = "map-pin.png"; sourceTree = "<group>"; };
		60A6A9C3196224DE009D99AA /* map-pinPizza.png */ = {isa = PBXFileReference; lastKnownFileType = image.png; path = "map-pinPizza.png"; sourceTree = "<group>"; };
		60A6A9C4196224DE009D99AA /* pizzaCutter.png */ = {isa = PBXFileReference; lastKnownFileType = image.png; path = pizzaCutter.png; sourceTree = "<group>"; };
		60A6A9C5196224DE009D99AA /* pizzaCutter@2X.png */ = {isa = PBXFileReference; lastKnownFileType = image.png; path = "pizzaCutter@2X.png"; sourceTree = "<group>"; };
		60A6A9C6196224DE009D99AA /* plateFull.png */ = {isa = PBXFileReference; lastKnownFileType = image.png; path = plateFull.png; sourceTree = "<group>"; };
		60A6A9C7196224DE009D99AA /* plateFull@2X.png */ = {isa = PBXFileReference; lastKnownFileType = image.png; path = "plateFull@2X.png"; sourceTree = "<group>"; };
/* End PBXFileReference section */

/* Begin PBXFrameworksBuildPhase section */
		607F55961960DE3900926E1A /* Frameworks */ = {
			isa = PBXFrameworksBuildPhase;
			buildActionMask = 2147483647;
			files = (
				607F559F1960DE3900926E1A /* CoreGraphics.framework in Frameworks */,
				607F55A11960DE3900926E1A /* UIKit.framework in Frameworks */,
				607F559D1960DE3900926E1A /* Foundation.framework in Frameworks */,
				8F7398F8477B40E1A796B950 /* libPods.a in Frameworks */,
			);
			runOnlyForDeploymentPostprocessing = 0;
		};
		607F55BA1960DE3A00926E1A /* Frameworks */ = {
			isa = PBXFrameworksBuildPhase;
			buildActionMask = 2147483647;
			files = (
				607F55BF1960DE3A00926E1A /* XCTest.framework in Frameworks */,
				607F55C11960DE3A00926E1A /* UIKit.framework in Frameworks */,
				607F55C01960DE3A00926E1A /* Foundation.framework in Frameworks */,
			);
			runOnlyForDeploymentPostprocessing = 0;
		};
/* End PBXFrameworksBuildPhase section */

/* Begin PBXGroup section */
		607F55901960DE3900926E1A = {
			isa = PBXGroup;
			children = (
				607F55A21960DE3A00926E1A /* PizzaTheApp */,
				607F55C41960DE3A00926E1A /* PizzaTheAppTests */,
				607F559B1960DE3900926E1A /* Frameworks */,
				607F559A1960DE3900926E1A /* Products */,
				311EEDC2AD954DD08A160DEA /* Pods.xcconfig */,
			);
			sourceTree = "<group>";
		};
		607F559A1960DE3900926E1A /* Products */ = {
			isa = PBXGroup;
			children = (
				607F55991960DE3900926E1A /* PizzaTheApp.app */,
				607F55BD1960DE3A00926E1A /* PizzaTheAppTests.xctest */,
			);
			name = Products;
			sourceTree = "<group>";
		};
		607F559B1960DE3900926E1A /* Frameworks */ = {
			isa = PBXGroup;
			children = (
				607F559C1960DE3900926E1A /* Foundation.framework */,
				607F559E1960DE3900926E1A /* CoreGraphics.framework */,
				607F55A01960DE3900926E1A /* UIKit.framework */,
				607F55BE1960DE3A00926E1A /* XCTest.framework */,
				0A764387439F404E94B2916A /* libPods.a */,
			);
			name = Frameworks;
			sourceTree = "<group>";
		};
		607F55A21960DE3A00926E1A /* PizzaTheApp */ = {
			isa = PBXGroup;
			children = (
				607F55AB1960DE3A00926E1A /* PZAppDelegate.h */,
				607F55AC1960DE3A00926E1A /* PZAppDelegate.m */,
				60A6A9321960DFA7009D99AA /* MainViewController.h */,
				60A6A9331960DFA7009D99AA /* MainViewController.m */,
				60A6A9351960DFEC009D99AA /* PaymentViewController.h */,
				60A6A9361960DFEC009D99AA /* PaymentViewController.m */,
				60A6A9381960E005009D99AA /* PizzaViewController.h */,
				60A6A9391960E005009D99AA /* PizzaViewController.m */,
				607F55AE1960DE3A00926E1A /* Main_iPhone.storyboard */,
				607F55B11960DE3A00926E1A /* Main_iPad.storyboard */,
				60A6A9B619613DF8009D99AA /* MJViews */,
				60A6A9B719613E02009D99AA /* SPGooglePlaces */,
				60A6A9B819613E0D009D99AA /* Fonts */,
				60A6A9B519613519009D99AA /* Images */,
				60A6A93B1960E019009D99AA /* MBProgressHUD */,
				607F55B71960DE3A00926E1A /* Images.xcassets */,
				607F55A31960DE3A00926E1A /* Supporting Files */,
			);
			path = PizzaTheApp;
			sourceTree = "<group>";
		};
		607F55A31960DE3A00926E1A /* Supporting Files */ = {
			isa = PBXGroup;
			children = (
				607F55A41960DE3A00926E1A /* PizzaTheApp-Info.plist */,
				607F55A51960DE3A00926E1A /* InfoPlist.strings */,
				607F55A81960DE3A00926E1A /* main.m */,
				607F55AA1960DE3A00926E1A /* PizzaTheApp-Prefix.pch */,
			);
			name = "Supporting Files";
			sourceTree = "<group>";
		};
		607F55C41960DE3A00926E1A /* PizzaTheAppTests */ = {
			isa = PBXGroup;
			children = (
				607F55CA1960DE3A00926E1A /* PizzaTheAppTests.m */,
				607F55C51960DE3A00926E1A /* Supporting Files */,
			);
			path = PizzaTheAppTests;
			sourceTree = "<group>";
		};
		607F55C51960DE3A00926E1A /* Supporting Files */ = {
			isa = PBXGroup;
			children = (
				607F55C61960DE3A00926E1A /* PizzaTheAppTests-Info.plist */,
				607F55C71960DE3A00926E1A /* InfoPlist.strings */,
			);
			name = "Supporting Files";
			sourceTree = "<group>";
		};
		60A6A93B1960E019009D99AA /* MBProgressHUD */ = {
			isa = PBXGroup;
			children = (
				60A6A93C1960E019009D99AA /* MBProgressHUD.h */,
				60A6A93D1960E019009D99AA /* MBProgressHUD.m */,
			);
			path = MBProgressHUD;
			sourceTree = "<group>";
		};
		60A6A9B519613519009D99AA /* Images */ = {
			isa = PBXGroup;
			children = (
				60A6A9B9196224DE009D99AA /* 58x58.png */,
				60A6A9BA196224DE009D99AA /* 80x80.png */,
				60A6A9BB196224DE009D99AA /* 120x120.png */,
				60A6A9BC196224DE009D99AA /* emptyPlate.png */,
				60A6A9BD196224DE009D99AA /* emptyPlate@2X.png */,
				60A6A9BE196224DE009D99AA /* header-logo.png */,
				60A6A9BF196224DE009D99AA /* header-logo@2x.png */,
				60A6A9C0196224DE009D99AA /* Load Screen - 640x960.png */,
				60A6A9C1196224DE009D99AA /* Load Screen - 640x1136.png */,
				60A6A9C2196224DE009D99AA /* map-pin.png */,
				60A6A9C3196224DE009D99AA /* map-pinPizza.png */,
				60A6A9C4196224DE009D99AA /* pizzaCutter.png */,
				60A6A9C5196224DE009D99AA /* pizzaCutter@2X.png */,
				60A6A9C6196224DE009D99AA /* plateFull.png */,
				60A6A9C7196224DE009D99AA /* plateFull@2X.png */,
				60A6A9901960E314009D99AA /* mushrooms.png */,
				60A6A99C1960E31F009D99AA /* pepperoni.png */,
				60A6A99D1960E31F009D99AA /* pepperoninew.png */,
				60A6A99E1960E31F009D99AA /* peppers.png */,
				60A6A99F1960E31F009D99AA /* peppersnew.png */,
				60A6A9A01960E31F009D99AA /* pizza.png */,
				60A6A9911960E314009D99AA /* mushroomsnew.png */,
				60A6A9921960E314009D99AA /* navbar.png */,
				60A6A9931960E314009D99AA /* navbar@2x.png */,
				60A6A9941960E314009D99AA /* olives.png */,
				60A6A9951960E314009D99AA /* olivesnew.png */,
				60A6A97C1960E2FF009D99AA /* cancelButton.jpg */,
				60A6A97D1960E2FF009D99AA /* checkComplete.jpg */,
				60A6A97E1960E2FF009D99AA /* chevron - forward@2x.png */,
				60A6A9821960E308009D99AA /* LaunchImage-568h@2x.png */,
				60A6A9831960E308009D99AA /* LaunchImage.png */,
				60A6A9841960E308009D99AA /* LaunchImage@2x.png */,
				60A6A9851960E308009D99AA /* locateButton.png */,
				60A6A9861960E308009D99AA /* locateButton@2x.png */,
				60A6A9871960E308009D99AA /* location.png */,
				60A6A9881960E308009D99AA /* location@2x.png */,
				60A6A9A61960E328009D99AA /* sausage.png */,
				60A6A9A71960E328009D99AA /* sausagenew.png */,
			);
			name = Images;
			sourceTree = "<group>";
		};
		60A6A9B619613DF8009D99AA /* MJViews */ = {
			isa = PBXGroup;
			children = (
				60A6A96E1960E087009D99AA /* MJDetailViewController.h */,
				60A6A96F1960E087009D99AA /* MJDetailViewController.m */,
				60A6A9701960E087009D99AA /* MJDetailViewController.xib */,
				60A6A9711960E087009D99AA /* MJPopupBackgroundView.h */,
				60A6A9721960E087009D99AA /* MJPopupBackgroundView.m */,
				60A6A9631960E077009D99AA /* UIViewController+MJPopupViewController.h */,
				60A6A9641960E077009D99AA /* UIViewController+MJPopupViewController.m */,
			);
			name = MJViews;
			sourceTree = "<group>";
		};
		60A6A9B719613E02009D99AA /* SPGooglePlaces */ = {
			isa = PBXGroup;
			children = (
				60A6A93F1960E03A009D99AA /* SPGooglePlacesAutocomplete.h */,
				60A6A9401960E03A009D99AA /* SPGooglePlacesAutocompleteDemoViewController.h */,
				60A6A9411960E03A009D99AA /* SPGooglePlacesAutocompleteDemoViewController.m */,
				60A6A9421960E03A009D99AA /* SPGooglePlacesAutocompleteDemoViewController.xib */,
				60A6A9431960E03A009D99AA /* SPGooglePlacesAutocompletePlace.h */,
				60A6A9441960E03A009D99AA /* SPGooglePlacesAutocompletePlace.m */,
				60A6A9451960E03A009D99AA /* SPGooglePlacesAutocompleteQuery.h */,
				60A6A9461960E03A009D99AA /* SPGooglePlacesAutocompleteQuery.m */,
				60A6A9471960E03A009D99AA /* SPGooglePlacesAutocompleteUtilities.h */,
				60A6A9481960E03A009D99AA /* SPGooglePlacesAutocompleteUtilities.m */,
				60A6A9491960E03A009D99AA /* SPGooglePlacesPlaceDetailQuery.h */,
				60A6A94A1960E03A009D99AA /* SPGooglePlacesPlaceDetailQuery.m */,
			);
			name = SPGooglePlaces;
			sourceTree = "<group>";
		};
		60A6A9B819613E0D009D99AA /* Fonts */ = {
			isa = PBXGroup;
			children = (
				60A6A9AA1960E332009D99AA /* Verlag Black Italic.otf */,
				60A6A9AB1960E332009D99AA /* Verlag Black.otf */,
				60A6A9AC1960E332009D99AA /* Verlag Bold Italic.otf */,
				60A6A9AD1960E332009D99AA /* Verlag Bold.otf */,
				60A6A9AE1960E332009D99AA /* Verlag Book Italic.otf */,
				60A6A9AF1960E332009D99AA /* Verlag Book.otf */,
				60A6A9B01960E332009D99AA /* Verlag Light Italic.otf */,
				60A6A9B11960E332009D99AA /* Verlag Light.otf */,
				60A6A9B21960E332009D99AA /* Verlag XLight Italic.otf */,
				60A6A9B31960E332009D99AA /* Verlag XLight.otf */,
				60A6A9B41960E332009D99AA /* Verlag-Book.otf */,
			);
			name = Fonts;
			sourceTree = "<group>";
		};
/* End PBXGroup section */

/* Begin PBXNativeTarget section */
		607F55981960DE3900926E1A /* PizzaTheApp */ = {
			isa = PBXNativeTarget;
			buildConfigurationList = 607F55CE1960DE3A00926E1A /* Build configuration list for PBXNativeTarget "PizzaTheApp" */;
			buildPhases = (
				162D7DCD46294E24A8D4E2FD /* Check Pods Manifest.lock */,
				607F55951960DE3900926E1A /* Sources */,
				607F55961960DE3900926E1A /* Frameworks */,
				607F55971960DE3900926E1A /* Resources */,
				79933F0AC2FF4DF7BC91A7D4 /* Copy Pods Resources */,
			);
			buildRules = (
			);
			dependencies = (
			);
			name = PizzaTheApp;
			productName = PizzaTheApp;
			productReference = 607F55991960DE3900926E1A /* PizzaTheApp.app */;
			productType = "com.apple.product-type.application";
		};
		607F55BC1960DE3A00926E1A /* PizzaTheAppTests */ = {
			isa = PBXNativeTarget;
			buildConfigurationList = 607F55D11960DE3A00926E1A /* Build configuration list for PBXNativeTarget "PizzaTheAppTests" */;
			buildPhases = (
				607F55B91960DE3A00926E1A /* Sources */,
				607F55BA1960DE3A00926E1A /* Frameworks */,
				607F55BB1960DE3A00926E1A /* Resources */,
			);
			buildRules = (
			);
			dependencies = (
				607F55C31960DE3A00926E1A /* PBXTargetDependency */,
			);
			name = PizzaTheAppTests;
			productName = PizzaTheAppTests;
			productReference = 607F55BD1960DE3A00926E1A /* PizzaTheAppTests.xctest */;
			productType = "com.apple.product-type.bundle.unit-test";
		};
/* End PBXNativeTarget section */

/* Begin PBXProject section */
		607F55911960DE3900926E1A /* Project object */ = {
			isa = PBXProject;
			attributes = {
				CLASSPREFIX = PZ;
				LastUpgradeCheck = 0510;
				ORGANIZATIONNAME = Pizza;
				TargetAttributes = {
					607F55BC1960DE3A00926E1A = {
						TestTargetID = 607F55981960DE3900926E1A;
					};
				};
			};
			buildConfigurationList = 607F55941960DE3900926E1A /* Build configuration list for PBXProject "PizzaTheApp" */;
			compatibilityVersion = "Xcode 3.2";
			developmentRegion = English;
			hasScannedForEncodings = 0;
			knownRegions = (
				en,
				Base,
			);
			mainGroup = 607F55901960DE3900926E1A;
			productRefGroup = 607F559A1960DE3900926E1A /* Products */;
			projectDirPath = "";
			projectRoot = "";
			targets = (
				607F55981960DE3900926E1A /* PizzaTheApp */,
				607F55BC1960DE3A00926E1A /* PizzaTheAppTests */,
			);
		};
/* End PBXProject section */

/* Begin PBXResourcesBuildPhase section */
		607F55971960DE3900926E1A /* Resources */ = {
			isa = PBXResourcesBuildPhase;
			buildActionMask = 2147483647;
			files = (
				60A6A9D719622695009D99AA /* Verlag Black Italic.otf in Resources */,
				60A6A9D819622695009D99AA /* Verlag Black.otf in Resources */,
				60A6A9D919622695009D99AA /* Verlag Bold Italic.otf in Resources */,
				60A6A9DA19622695009D99AA /* Verlag Bold.otf in Resources */,
				60A6A9DB19622695009D99AA /* Verlag Book Italic.otf in Resources */,
				60A6A9DC19622695009D99AA /* Verlag Book.otf in Resources */,
				60A6A9DD19622695009D99AA /* Verlag Light Italic.otf in Resources */,
				60A6A9DE19622695009D99AA /* Verlag Light.otf in Resources */,
				60A6A9DF19622695009D99AA /* Verlag XLight Italic.otf in Resources */,
				60A6A9E019622695009D99AA /* Verlag XLight.otf in Resources */,
				60A6A9E119622695009D99AA /* Verlag-Book.otf in Resources */,
				60A6A9CD196224DE009D99AA /* header-logo.png in Resources */,
				60A6A9A11960E31F009D99AA /* pepperoni.png in Resources */,
				60A6A9D1196224DE009D99AA /* map-pin.png in Resources */,
				60A6A9811960E2FF009D99AA /* chevron - forward@2x.png in Resources */,
				607F55B31960DE3A00926E1A /* Main_iPad.storyboard in Resources */,
				607F55B81960DE3A00926E1A /* Images.xcassets in Resources */,
				60A6A98F1960E308009D99AA /* location@2x.png in Resources */,
				60A6A9C9196224DE009D99AA /* 80x80.png in Resources */,
				60A6A9991960E314009D99AA /* navbar@2x.png in Resources */,
				60A6A94C1960E03A009D99AA /* SPGooglePlacesAutocompleteDemoViewController.xib in Resources */,
				60A6A98E1960E308009D99AA /* location.png in Resources */,
				60A6A9CE196224DE009D99AA /* header-logo@2x.png in Resources */,
				60A6A9D0196224DE009D99AA /* Load Screen - 640x1136.png in Resources */,
				60A6A9CC196224DE009D99AA /* emptyPlate@2X.png in Resources */,
				60A6A9D6196224DE009D99AA /* plateFull@2X.png in Resources */,
				60A6A98B1960E308009D99AA /* LaunchImage@2x.png in Resources */,
				60A6A9A31960E31F009D99AA /* peppers.png in Resources */,
				60A6A9D4196224DE009D99AA /* pizzaCutter@2X.png in Resources */,
				60A6A9A21960E31F009D99AA /* pepperoninew.png in Resources */,
				60A6A97F1960E2FF009D99AA /* cancelButton.jpg in Resources */,
				607F55B01960DE3A00926E1A /* Main_iPhone.storyboard in Resources */,
				60A6A9D2196224DE009D99AA /* map-pinPizza.png in Resources */,
				60A6A9971960E314009D99AA /* mushroomsnew.png in Resources */,
				60A6A99B1960E314009D99AA /* olivesnew.png in Resources */,
				60A6A98D1960E308009D99AA /* locateButton@2x.png in Resources */,
				60A6A9CF196224DE009D99AA /* Load Screen - 640x960.png in Resources */,
				60A6A98C1960E308009D99AA /* locateButton.png in Resources */,
				60A6A9741960E087009D99AA /* MJDetailViewController.xib in Resources */,
				60A6A9D5196224DE009D99AA /* plateFull.png in Resources */,
				60A6A99A1960E314009D99AA /* olives.png in Resources */,
				60A6A9A91960E328009D99AA /* sausagenew.png in Resources */,
				60A6A9A51960E31F009D99AA /* pizza.png in Resources */,
				60A6A9891960E308009D99AA /* LaunchImage-568h@2x.png in Resources */,
				60A6A9C8196224DE009D99AA /* 58x58.png in Resources */,
				60A6A9981960E314009D99AA /* navbar.png in Resources */,
				60A6A9D3196224DE009D99AA /* pizzaCutter.png in Resources */,
				607F55A71960DE3A00926E1A /* InfoPlist.strings in Resources */,
				60A6A98A1960E308009D99AA /* LaunchImage.png in Resources */,
				60A6A9A81960E328009D99AA /* sausage.png in Resources */,
				60A6A9CA196224DE009D99AA /* 120x120.png in Resources */,
				60A6A9961960E314009D99AA /* mushrooms.png in Resources */,
				60A6A9CB196224DE009D99AA /* emptyPlate.png in Resources */,
				60A6A9A41960E31F009D99AA /* peppersnew.png in Resources */,
				60A6A9801960E2FF009D99AA /* checkComplete.jpg in Resources */,
			);
			runOnlyForDeploymentPostprocessing = 0;
		};
		607F55BB1960DE3A00926E1A /* Resources */ = {
			isa = PBXResourcesBuildPhase;
			buildActionMask = 2147483647;
			files = (
				607F55C91960DE3A00926E1A /* InfoPlist.strings in Resources */,
			);
			runOnlyForDeploymentPostprocessing = 0;
		};
/* End PBXResourcesBuildPhase section */

/* Begin PBXShellScriptBuildPhase section */
		162D7DCD46294E24A8D4E2FD /* Check Pods Manifest.lock */ = {
			isa = PBXShellScriptBuildPhase;
			buildActionMask = 2147483647;
			files = (
			);
			inputPaths = (
			);
			name = "Check Pods Manifest.lock";
			outputPaths = (
			);
			runOnlyForDeploymentPostprocessing = 0;
			shellPath = /bin/sh;
			shellScript = "diff \"${PODS_ROOT}/../Podfile.lock\" \"${PODS_ROOT}/Manifest.lock\" > /dev/null\nif [[ $? != 0 ]] ; then\n    cat << EOM\nerror: The sandbox is not in sync with the Podfile.lock. Run 'pod install' or update your CocoaPods installation.\nEOM\n    exit 1\nfi\n";
			showEnvVarsInLog = 0;
		};
		79933F0AC2FF4DF7BC91A7D4 /* Copy Pods Resources */ = {
			isa = PBXShellScriptBuildPhase;
			buildActionMask = 2147483647;
			files = (
			);
			inputPaths = (
			);
			name = "Copy Pods Resources";
			outputPaths = (
			);
			runOnlyForDeploymentPostprocessing = 0;
			shellPath = /bin/sh;
			shellScript = "\"${SRCROOT}/Pods/Pods-resources.sh\"\n";
			showEnvVarsInLog = 0;
		};
/* End PBXShellScriptBuildPhase section */

/* Begin PBXSourcesBuildPhase section */
		607F55951960DE3900926E1A /* Sources */ = {
			isa = PBXSourcesBuildPhase;
			buildActionMask = 2147483647;
			files = (
				607F55AD1960DE3A00926E1A /* PZAppDelegate.m in Sources */,
				60A6A94D1960E03A009D99AA /* SPGooglePlacesAutocompletePlace.m in Sources */,
				607F55A91960DE3A00926E1A /* main.m in Sources */,
				60A6A9731960E087009D99AA /* MJDetailViewController.m in Sources */,
				60A6A9371960DFEC009D99AA /* PaymentViewController.m in Sources */,
				60A6A9341960DFA7009D99AA /* MainViewController.m in Sources */,
				60A6A9751960E087009D99AA /* MJPopupBackgroundView.m in Sources */,
				60A6A9501960E03A009D99AA /* SPGooglePlacesPlaceDetailQuery.m in Sources */,
				60A6A94E1960E03A009D99AA /* SPGooglePlacesAutocompleteQuery.m in Sources */,
				60A6A94F1960E03A009D99AA /* SPGooglePlacesAutocompleteUtilities.m in Sources */,
				60A6A96D1960E077009D99AA /* UIViewController+MJPopupViewController.m in Sources */,
				60A6A93A1960E005009D99AA /* PizzaViewController.m in Sources */,
				60A6A93E1960E019009D99AA /* MBProgressHUD.m in Sources */,
				60A6A94B1960E03A009D99AA /* SPGooglePlacesAutocompleteDemoViewController.m in Sources */,
			);
			runOnlyForDeploymentPostprocessing = 0;
		};
		607F55B91960DE3A00926E1A /* Sources */ = {
			isa = PBXSourcesBuildPhase;
			buildActionMask = 2147483647;
			files = (
				607F55CB1960DE3A00926E1A /* PizzaTheAppTests.m in Sources */,
			);
			runOnlyForDeploymentPostprocessing = 0;
		};
/* End PBXSourcesBuildPhase section */

/* Begin PBXTargetDependency section */
		607F55C31960DE3A00926E1A /* PBXTargetDependency */ = {
			isa = PBXTargetDependency;
			target = 607F55981960DE3900926E1A /* PizzaTheApp */;
			targetProxy = 607F55C21960DE3A00926E1A /* PBXContainerItemProxy */;
		};
/* End PBXTargetDependency section */

/* Begin PBXVariantGroup section */
		607F55A51960DE3A00926E1A /* InfoPlist.strings */ = {
			isa = PBXVariantGroup;
			children = (
				607F55A61960DE3A00926E1A /* en */,
			);
			name = InfoPlist.strings;
			sourceTree = "<group>";
		};
		607F55AE1960DE3A00926E1A /* Main_iPhone.storyboard */ = {
			isa = PBXVariantGroup;
			children = (
				607F55AF1960DE3A00926E1A /* Base */,
			);
			name = Main_iPhone.storyboard;
			sourceTree = "<group>";
		};
		607F55B11960DE3A00926E1A /* Main_iPad.storyboard */ = {
			isa = PBXVariantGroup;
			children = (
				607F55B21960DE3A00926E1A /* Base */,
			);
			name = Main_iPad.storyboard;
			sourceTree = "<group>";
		};
		607F55C71960DE3A00926E1A /* InfoPlist.strings */ = {
			isa = PBXVariantGroup;
			children = (
				607F55C81960DE3A00926E1A /* en */,
			);
			name = InfoPlist.strings;
			sourceTree = "<group>";
		};
/* End PBXVariantGroup section */

/* Begin XCBuildConfiguration section */
		607F55CC1960DE3A00926E1A /* Debug */ = {
			isa = XCBuildConfiguration;
			buildSettings = {
				ALWAYS_SEARCH_USER_PATHS = NO;
				CLANG_CXX_LANGUAGE_STANDARD = "gnu++0x";
				CLANG_CXX_LIBRARY = "libc++";
				CLANG_ENABLE_MODULES = YES;
				CLANG_ENABLE_OBJC_ARC = YES;
				CLANG_WARN_BOOL_CONVERSION = YES;
				CLANG_WARN_CONSTANT_CONVERSION = YES;
				CLANG_WARN_DIRECT_OBJC_ISA_USAGE = YES_ERROR;
				CLANG_WARN_EMPTY_BODY = YES;
				CLANG_WARN_ENUM_CONVERSION = YES;
				CLANG_WARN_INT_CONVERSION = YES;
				CLANG_WARN_OBJC_ROOT_CLASS = YES_ERROR;
				CLANG_WARN__DUPLICATE_METHOD_MATCH = YES;
				"CODE_SIGN_IDENTITY[sdk=iphoneos*]" = "iPhone Developer";
				COPY_PHASE_STRIP = NO;
				GCC_C_LANGUAGE_STANDARD = gnu99;
				GCC_DYNAMIC_NO_PIC = NO;
				GCC_OPTIMIZATION_LEVEL = 0;
				GCC_PREPROCESSOR_DEFINITIONS = (
					"DEBUG=1",
					"$(inherited)",
				);
				GCC_SYMBOLS_PRIVATE_EXTERN = NO;
				GCC_WARN_64_TO_32_BIT_CONVERSION = YES;
				GCC_WARN_ABOUT_RETURN_TYPE = YES_ERROR;
				GCC_WARN_UNDECLARED_SELECTOR = YES;
				GCC_WARN_UNINITIALIZED_AUTOS = YES_AGGRESSIVE;
				GCC_WARN_UNUSED_FUNCTION = YES;
				GCC_WARN_UNUSED_VARIABLE = YES;
				IPHONEOS_DEPLOYMENT_TARGET = 7.1;
				ONLY_ACTIVE_ARCH = YES;
				SDKROOT = iphoneos;
				TARGETED_DEVICE_FAMILY = "1,2";
			};
			name = Debug;
		};
		607F55CD1960DE3A00926E1A /* Release */ = {
			isa = XCBuildConfiguration;
			buildSettings = {
				ALWAYS_SEARCH_USER_PATHS = NO;
				CLANG_CXX_LANGUAGE_STANDARD = "gnu++0x";
				CLANG_CXX_LIBRARY = "libc++";
				CLANG_ENABLE_MODULES = YES;
				CLANG_ENABLE_OBJC_ARC = YES;
				CLANG_WARN_BOOL_CONVERSION = YES;
				CLANG_WARN_CONSTANT_CONVERSION = YES;
				CLANG_WARN_DIRECT_OBJC_ISA_USAGE = YES_ERROR;
				CLANG_WARN_EMPTY_BODY = YES;
				CLANG_WARN_ENUM_CONVERSION = YES;
				CLANG_WARN_INT_CONVERSION = YES;
				CLANG_WARN_OBJC_ROOT_CLASS = YES_ERROR;
				CLANG_WARN__DUPLICATE_METHOD_MATCH = YES;
				"CODE_SIGN_IDENTITY[sdk=iphoneos*]" = "iPhone Developer";
				COPY_PHASE_STRIP = YES;
				ENABLE_NS_ASSERTIONS = NO;
				GCC_C_LANGUAGE_STANDARD = gnu99;
				GCC_WARN_64_TO_32_BIT_CONVERSION = YES;
				GCC_WARN_ABOUT_RETURN_TYPE = YES_ERROR;
				GCC_WARN_UNDECLARED_SELECTOR = YES;
				GCC_WARN_UNINITIALIZED_AUTOS = YES_AGGRESSIVE;
				GCC_WARN_UNUSED_FUNCTION = YES;
				GCC_WARN_UNUSED_VARIABLE = YES;
				IPHONEOS_DEPLOYMENT_TARGET = 7.1;
				SDKROOT = iphoneos;
				TARGETED_DEVICE_FAMILY = "1,2";
				VALIDATE_PRODUCT = YES;
			};
			name = Release;
		};
		607F55CF1960DE3A00926E1A /* Debug */ = {
			isa = XCBuildConfiguration;
			baseConfigurationReference = 311EEDC2AD954DD08A160DEA /* Pods.xcconfig */;
			buildSettings = {
				ASSETCATALOG_COMPILER_APPICON_NAME = AppIcon;
				ASSETCATALOG_COMPILER_LAUNCHIMAGE_NAME = LaunchImage;
				GCC_PRECOMPILE_PREFIX_HEADER = YES;
				GCC_PREFIX_HEADER = "PizzaTheApp/PizzaTheApp-Prefix.pch";
				INFOPLIST_FILE = "PizzaTheApp/PizzaTheApp-Info.plist";
				PRODUCT_NAME = "$(TARGET_NAME)";
				WRAPPER_EXTENSION = app;
			};
			name = Debug;
		};
		607F55D01960DE3A00926E1A /* Release */ = {
			isa = XCBuildConfiguration;
			baseConfigurationReference = 311EEDC2AD954DD08A160DEA /* Pods.xcconfig */;
			buildSettings = {
				ASSETCATALOG_COMPILER_APPICON_NAME = AppIcon;
				ASSETCATALOG_COMPILER_LAUNCHIMAGE_NAME = LaunchImage;
				GCC_PRECOMPILE_PREFIX_HEADER = YES;
				GCC_PREFIX_HEADER = "PizzaTheApp/PizzaTheApp-Prefix.pch";
				INFOPLIST_FILE = "PizzaTheApp/PizzaTheApp-Info.plist";
				PRODUCT_NAME = "$(TARGET_NAME)";
				WRAPPER_EXTENSION = app;
			};
			name = Release;
		};
		607F55D21960DE3A00926E1A /* Debug */ = {
			isa = XCBuildConfiguration;
			buildSettings = {
				BUNDLE_LOADER = "$(BUILT_PRODUCTS_DIR)/PizzaTheApp.app/PizzaTheApp";
				FRAMEWORK_SEARCH_PATHS = (
					"$(SDKROOT)/Developer/Library/Frameworks",
					"$(inherited)",
					"$(DEVELOPER_FRAMEWORKS_DIR)",
				);
				GCC_PRECOMPILE_PREFIX_HEADER = YES;
				GCC_PREFIX_HEADER = "PizzaTheApp/PizzaTheApp-Prefix.pch";
				GCC_PREPROCESSOR_DEFINITIONS = (
					"DEBUG=1",
					"$(inherited)",
				);
				INFOPLIST_FILE = "PizzaTheAppTests/PizzaTheAppTests-Info.plist";
				PRODUCT_NAME = "$(TARGET_NAME)";
				TEST_HOST = "$(BUNDLE_LOADER)";
				WRAPPER_EXTENSION = xctest;
			};
			name = Debug;
		};
		607F55D31960DE3A00926E1A /* Release */ = {
			isa = XCBuildConfiguration;
			buildSettings = {
				BUNDLE_LOADER = "$(BUILT_PRODUCTS_DIR)/PizzaTheApp.app/PizzaTheApp";
				FRAMEWORK_SEARCH_PATHS = (
					"$(SDKROOT)/Developer/Library/Frameworks",
					"$(inherited)",
					"$(DEVELOPER_FRAMEWORKS_DIR)",
				);
				GCC_PRECOMPILE_PREFIX_HEADER = YES;
				GCC_PREFIX_HEADER = "PizzaTheApp/PizzaTheApp-Prefix.pch";
				INFOPLIST_FILE = "PizzaTheAppTests/PizzaTheAppTests-Info.plist";
				PRODUCT_NAME = "$(TARGET_NAME)";
				TEST_HOST = "$(BUNDLE_LOADER)";
				WRAPPER_EXTENSION = xctest;
			};
			name = Release;
		};
/* End XCBuildConfiguration section */

/* Begin XCConfigurationList section */
		607F55941960DE3900926E1A /* Build configuration list for PBXProject "PizzaTheApp" */ = {
			isa = XCConfigurationList;
			buildConfigurations = (
				607F55CC1960DE3A00926E1A /* Debug */,
				607F55CD1960DE3A00926E1A /* Release */,
			);
			defaultConfigurationIsVisible = 0;
			defaultConfigurationName = Release;
		};
		607F55CE1960DE3A00926E1A /* Build configuration list for PBXNativeTarget "PizzaTheApp" */ = {
			isa = XCConfigurationList;
			buildConfigurations = (
				607F55CF1960DE3A00926E1A /* Debug */,
				607F55D01960DE3A00926E1A /* Release */,
			);
			defaultConfigurationIsVisible = 0;
			defaultConfigurationName = Release;
		};
		607F55D11960DE3A00926E1A /* Build configuration list for PBXNativeTarget "PizzaTheAppTests" */ = {
			isa = XCConfigurationList;
			buildConfigurations = (
				607F55D21960DE3A00926E1A /* Debug */,
				607F55D31960DE3A00926E1A /* Release */,
			);
			defaultConfigurationIsVisible = 0;
			defaultConfigurationName = Release;
		};
/* End XCConfigurationList section */
	};
	rootObject = 607F55911960DE3900926E1A /* Project object */;
}
